
Microsoft Visual Studio Solution File, Format Version 12.00
# Visual Studio Version 17
VisualStudioVersion = 17.11.35431.28
MinimumVisualStudioVersion = 10.0.40219.1
Project("{FAE04EC0-301F-11D3-BF4B-00C04F79EFBC}") = "LoggingDemo", "LoggingDemo\LoggingDemo.csproj", "{F7D56403-0B8A-4D42-8C4E-AE2A436D1369}"
EndProject
Global
	GlobalSection(SolutionConfigurationPlatforms) = preSolution
		Debug|Any CPU = Debug|Any CPU
		Release|Any CPU = Release|Any CPU
	EndGlobalSection
	GlobalSection(ProjectConfigurationPlatforms) = postSolution
		{F7D56403-0B8A-4D42-8C4E-AE2A436D1369}.Debug|Any CPU.ActiveCfg = Debug|Any CPU
		{F7D56403-0B8A-4D42-8C4E-AE2A436D1369}.Debug|Any CPU.Build.0 = Debug|Any CPU
		{F7D56403-0B8A-4D42-8C4E-AE2A436D1369}.Release|Any CPU.ActiveCfg = Release|Any CPU
		{F7D56403-0B8A-4D42-8C4E-AE2A436D1369}.Release|Any CPU.Build.0 = Release|Any CPU
	EndGlobalSection
	GlobalSection(SolutionProperties) = preSolution
		HideSolutionNode = FALSE
	EndGlobalSection
	GlobalSection(ExtensibilityGlobals) = postSolution
		SolutionGuid = {BD229DDC-62E5-4F9A-A3EC-7DF21CB5FCCA}
	EndGlobalSection
EndGlobal
